<?xml version="1.0" encoding="utf-8"?>
<Project ToolsVersion="4.0" xmlns="http://schemas.microsoft.com/developer/msbuild/2003">
  <ItemGroup>
    <ClCompile Include="..\src\BuildOrder\BOs\BOTest.cpp" />
    <ClCompile Include="..\src\main.cpp" />
    <ClCompile Include="..\src\MapTools.cpp" />
    <ClCompile Include="..\src\StarterBot.cpp" />
    <ClCompile Include="..\src\Tools.cpp" />
    <ClCompile Include="..\src\BuildOrder\BuildOrder.cpp">
      <Filter>BuildOrder</Filter>
    </ClCompile>
    <ClCompile Include="..\src\BuildOrder\BuildOrderStep.cpp">
      <Filter>BuildOrder</Filter>
    </ClCompile>
    <ClCompile Include="..\src\Triggers\Trigger.cpp">
      <Filter>Triggers</Filter>
    </ClCompile>
    <ClCompile Include="..\src\Triggers\T_NbSupplies.cpp">
      <Filter>Triggers</Filter>
    </ClCompile>
    <ClCompile Include="..\src\BuildTask.cpp" />
    <ClCompile Include="..\src\WorkerManager.cpp" />
    <ClCompile Include="..\src\BaseManager.cpp" />
    <ClCompile Include="..\src\GlobalManager.cpp" />
    <ClCompile Include="..\src\BuildQueue.cpp" />
    <ClCompile Include="..\src\ArmyManager.cpp" />
    <ClCompile Include="..\src\SquadComposition.cpp" />
  </ItemGroup>
  <ItemGroup>
    <ClInclude Include="..\src\BuildOrder\BOs\BOTest.h" />
    <ClInclude Include="..\src\Grid.hpp" />
    <ClInclude Include="..\src\MapTools.h" />
    <ClInclude Include="..\src\StarterBot.h" />
    <ClInclude Include="..\src\Tools.h" />
    <ClInclude Include="..\src\BuildOrder\BuildOrder.h">
      <Filter>BuildOrder</Filter>
    </ClInclude>
    <ClInclude Include="..\src\BuildOrder\BuildOrderStep.h">
      <Filter>BuildOrder</Filter>
    </ClInclude>
    <ClInclude Include="..\src\Triggers\Trigger.h">
      <Filter>Triggers</Filter>
    </ClInclude>
    <ClInclude Include="..\src\Triggers\T_NbSupplies.h">
      <Filter>Triggers</Filter>
    </ClInclude>
    <ClInclude Include="..\src\BuildTask.h" />
    <ClInclude Include="..\src\utils.h" />
    <ClInclude Include="..\src\WorkerManager.h" />
    <ClInclude Include="..\src\BaseManager.h" />
    <ClInclude Include="..\src\GlobalManager.h" />
    <ClInclude Include="..\src\BuildQueue.h" />
    <ClInclude Include="..\src\ArmyManager.h" />
    <ClInclude Include="..\src\SquadComposition.h" />
  </ItemGroup>
  <ItemGroup>
    <Filter Include="BuildOrder">
      <UniqueIdentifier>{c0f578a3-5b82-4e22-93eb-36d174bafeaf}</UniqueIdentifier>
    </Filter>
    <Filter Include="Triggers">
      <UniqueIdentifier>{607676a3-aeb3-4a91-8682-06c73e89019a}</UniqueIdentifier>
    </Filter>
  </ItemGroup>
</Project>